
Microsoft Visual Studio Solution File, Format Version 12.00
# Visual Studio Version 17
VisualStudioVersion = 17.4.33213.308
MinimumVisualStudioVersion = 10.0.40219.1
Project("{8BC9CEB8-8B4A-11D0-8D11-00A0C91BC942}") = "04_WhileClasswork", "ClassWork_C++\ClassWork_C++.vcxproj", "{69C5445C-11C7-4332-9BB3-52AFA46A27DB}"
EndProject
Project("{8BC9CEB8-8B4A-11D0-8D11-00A0C91BC942}") = "05_for", "05_for\05_for.vcxproj", "{1B0A94C5-0322-4927-9895-3A732AE9B4EA}"
EndProject
Project("{8BC9CEB8-8B4A-11D0-8D11-00A0C91BC942}") = "07_ArreysClasswork", "07_ArreysClasswork\07_ArreysClasswork.vcxproj", "{C24FB293-1B1F-4517-98DD-71CA4A2D6932}"
EndProject
Project("{8BC9CEB8-8B4A-11D0-8D11-00A0C91BC942}") = "08_RandomMatrixClasswork", "08_RandomMatrixClasswork\08_RandomMatrixClasswork.vcxproj", "{205F432D-F7FE-45E6-B721-0945731AE2D4}"
EndProject
Project("{8BC9CEB8-8B4A-11D0-8D11-00A0C91BC942}") = "09_FunctionsClasswork", "09_FunctionsClasswork\09_FunctionsClasswork.vcxproj", "{91AC40B3-B948-42D6-8DC3-80CF0F8358EF}"
EndProject
Project("{8BC9CEB8-8B4A-11D0-8D11-00A0C91BC942}") = "10_OverloadFunctionTemplateClasswork", "10_OverloadFunctionTemplateClasswork\10_OverloadFunctionTemplateClasswork.vcxproj", "{57F20B4C-6281-4913-B3B5-E62D5DC1D77A}"
EndProject
Project("{8BC9CEB8-8B4A-11D0-8D11-00A0C91BC942}") = "13_PointerInFunctionClasswork", "13_PointerInFunctionClasswork\13_PointerInFunctionClasswork.vcxproj", "{13C89A27-D4C7-4D0F-8130-1E8CDF193E13}"
EndProject
Project("{8BC9CEB8-8B4A-11D0-8D11-00A0C91BC942}") = "15_CStyleLinesClasswork", "15_CStyleLinesClasswork\15_CStyleLinesClasswork.vcxproj", "{9F9061E9-8572-4328-A5A7-5BCEA68D5E0A}"
EndProject
Project("{8BC9CEB8-8B4A-11D0-8D11-00A0C91BC942}") = "04_WhileHomework", "04_WhileHomework\04_WhileHomework.vcxproj", "{B99DEB50-8F36-4684-BFF5-8CFB5A6FD69E}"
EndProject
Project("{8BC9CEB8-8B4A-11D0-8D11-00A0C91BC942}") = "05_forhomework", "05_forhomework\05_forhomework.vcxproj", "{80075120-ADC3-45E0-A371-737ABFC46B41}"
EndProject
Project("{8BC9CEB8-8B4A-11D0-8D11-00A0C91BC942}") = "06_IcnludeCyclesHomework", "06_IcnludeCyclesHomework\06_IcnludeCyclesHomework.vcxproj", "{B6C9EF27-F798-48B1-862B-855435064AD6}"
EndProject
Project("{8BC9CEB8-8B4A-11D0-8D11-00A0C91BC942}") = "08_MatrixHomework", "08_MatrixHomework\08_MatrixHomework.vcxproj", "{061D5DFD-5E12-4EFE-BB39-C138172DF30F}"
EndProject
Project("{8BC9CEB8-8B4A-11D0-8D11-00A0C91BC942}") = "03_HomeworkSwitch", "03_HomeworkSwitch\03_HomeworkSwitch.vcxproj", "{60010147-1C1A-498B-8F67-1F7836847DA4}"
EndProject
Project("{8BC9CEB8-8B4A-11D0-8D11-00A0C91BC942}") = "09_FunctionsHomeWork", "09_FunctionsHomeWork\09_FunctionsHomeWork.vcxproj", "{FA7B1CBB-AFD8-48CD-98A7-BC87A673C78C}"
EndProject
Project("{8BC9CEB8-8B4A-11D0-8D11-00A0C91BC942}") = "10_OverloadFunctionHomework", "10_OverloadFunctionHomework\10_OverloadFunctionHomework.vcxproj", "{72C82FD6-8FED-47F2-AF84-EFA4E30D2316}"
EndProject
Project("{8BC9CEB8-8B4A-11D0-8D11-00A0C91BC942}") = "17_rowsClasswork", "17_rowsClasswork\17_rowsClasswork.vcxproj", "{10797109-9DA3-4481-A6F7-2A05CBE2A4B1}"
EndProject
Project("{8BC9CEB8-8B4A-11D0-8D11-00A0C91BC942}") = "18_DynamicMemoryClasswork", "18_DynamicMemoryClasswork\18_DynamicMemoryClasswork.vcxproj", "{868362B6-26CE-4EE7-9230-A991D3FCAB31}"
EndProject
Project("{8BC9CEB8-8B4A-11D0-8D11-00A0C91BC942}") = "19_DynamicMatirxClasswork", "19_DynamicMatirxClasswork\19_DynamicMatirxClasswork.vcxproj", "{18CB2E5F-D813-4B07-8A1E-A9ED13BC6FE6}"
EndProject
Project("{8BC9CEB8-8B4A-11D0-8D11-00A0C91BC942}") = "19_DynamicMatrixHomework", "19_DynamicMatrixHomework\19_DynamicMatrixHomework.vcxproj", "{B62A3508-DA96-4F73-B129-5D018F79A3DD}"
EndProject
Project("{8BC9CEB8-8B4A-11D0-8D11-00A0C91BC942}") = "11_SearchSortArrayHomework", "11_SearchSortArrayHomework\11_SearchSortArrayHomework.vcxproj", "{B52E098A-EA61-4B65-879C-1FEB77BA921A}"
EndProject
Project("{8BC9CEB8-8B4A-11D0-8D11-00A0C91BC942}") = "12_PointersHomework", "12_PointersHomework\12_PointersHomework.vcxproj", "{19D3F4EE-F44C-47D0-86A3-DF9D74A4A0D3}"
EndProject
Project("{8BC9CEB8-8B4A-11D0-8D11-00A0C91BC942}") = "16_LinesFunctionClasswork", "16_LinesFunctionClasswork\16_LinesFunctionClasswork.vcxproj", "{01379F98-79C7-4352-A3BF-EC0F433AC5D8}"
EndProject
Project("{8BC9CEB8-8B4A-11D0-8D11-00A0C91BC942}") = "20_FunctionPointersClasswork", "20_FunctionPointersClasswork\20_FunctionPointersClasswork.vcxproj", "{2DBC2BEF-898A-414D-A6C5-9ADB7D35621A}"
EndProject
Project("{8BC9CEB8-8B4A-11D0-8D11-00A0C91BC942}") = "21_SturcturesClassWork", "21_SturcturesClassWork\21_SturcturesClassWork.vcxproj", "{838E2569-741A-49E2-B667-823FF3838D70}"
EndProject
Project("{8BC9CEB8-8B4A-11D0-8D11-00A0C91BC942}") = "22_IncludeStructersClasswork", "22_IncludeStructersClasswork\22_IncludeStructersClasswork.vcxproj", "{E41363C3-CD13-48BE-8FF0-CCADC43B0A32}"
EndProject
Project("{8BC9CEB8-8B4A-11D0-8D11-00A0C91BC942}") = "23_IntroToOOP", "23_IntroToOOP\23_IntroToOOP.vcxproj", "{38DB38CF-C010-400D-B211-F7FFC7EA498A}"
EndProject
Project("{8BC9CEB8-8B4A-11D0-8D11-00A0C91BC942}") = "24_Constructor_Destructor", "24_Constructor_Destructor\24_Constructor_Destructor.vcxproj", "{CCFE811E-98D8-4CEB-AEF8-7A3F16880FB7}"
EndProject
Project("{8BC9CEB8-8B4A-11D0-8D11-00A0C91BC942}") = "26_InlineMethodsDelegationStaticFunction", "26_InlineMethodsDelegationStaticFunction\26_InlineMethodsDelegationStaticFunction.vcxproj", "{9D1FE7F3-E465-4817-8643-5F7EDA9BA9C6}"
EndProject
Project("{8BC9CEB8-8B4A-11D0-8D11-00A0C91BC942}") = "27_ConstExplicit", "27_ConstExplicit\27_ConstExplicit.vcxproj", "{77335031-99A0-47DD-B99E-A53F3B1FE70C}"
EndProject
Project("{8BC9CEB8-8B4A-11D0-8D11-00A0C91BC942}") = "28_OperatorOverloading", "28_OperatorOverloading\28_OperatorOverloading.vcxproj", "{406814A5-B279-4ED1-8294-5C85DB4F68D0}"
EndProject
Project("{8BC9CEB8-8B4A-11D0-8D11-00A0C91BC942}") = "18_DynamicMemoryHomework", "18_DynamicMemoryHomework\18_DynamicMemoryHomework.vcxproj", "{049CF4D7-0766-4001-90B2-B1FEC748237C}"
EndProject
Project("{8BC9CEB8-8B4A-11D0-8D11-00A0C91BC942}") = "20_FuncPointersPreprocessorHomework", "20_FuncPointersPreprocessorHomework\20_FuncPointersPreprocessorHomework.vcxproj", "{E9CA9947-A69E-43AF-8791-5FC738BB7936}"
EndProject
Global
	GlobalSection(SolutionConfigurationPlatforms) = preSolution
		Debug|x64 = Debug|x64
		Debug|x86 = Debug|x86
		Release|x64 = Release|x64
		Release|x86 = Release|x86
	EndGlobalSection
	GlobalSection(ProjectConfigurationPlatforms) = postSolution
		{69C5445C-11C7-4332-9BB3-52AFA46A27DB}.Debug|x64.ActiveCfg = Debug|x64
		{69C5445C-11C7-4332-9BB3-52AFA46A27DB}.Debug|x64.Build.0 = Debug|x64
		{69C5445C-11C7-4332-9BB3-52AFA46A27DB}.Debug|x86.ActiveCfg = Debug|Win32
		{69C5445C-11C7-4332-9BB3-52AFA46A27DB}.Debug|x86.Build.0 = Debug|Win32
		{69C5445C-11C7-4332-9BB3-52AFA46A27DB}.Release|x64.ActiveCfg = Release|x64
		{69C5445C-11C7-4332-9BB3-52AFA46A27DB}.Release|x64.Build.0 = Release|x64
		{69C5445C-11C7-4332-9BB3-52AFA46A27DB}.Release|x86.ActiveCfg = Release|Win32
		{69C5445C-11C7-4332-9BB3-52AFA46A27DB}.Release|x86.Build.0 = Release|Win32
		{1B0A94C5-0322-4927-9895-3A732AE9B4EA}.Debug|x64.ActiveCfg = Debug|x64
		{1B0A94C5-0322-4927-9895-3A732AE9B4EA}.Debug|x64.Build.0 = Debug|x64
		{1B0A94C5-0322-4927-9895-3A732AE9B4EA}.Debug|x86.ActiveCfg = Debug|Win32
		{1B0A94C5-0322-4927-9895-3A732AE9B4EA}.Debug|x86.Build.0 = Debug|Win32
		{1B0A94C5-0322-4927-9895-3A732AE9B4EA}.Release|x64.ActiveCfg = Release|x64
		{1B0A94C5-0322-4927-9895-3A732AE9B4EA}.Release|x64.Build.0 = Release|x64
		{1B0A94C5-0322-4927-9895-3A732AE9B4EA}.Release|x86.ActiveCfg = Release|Win32
		{1B0A94C5-0322-4927-9895-3A732AE9B4EA}.Release|x86.Build.0 = Release|Win32
		{C24FB293-1B1F-4517-98DD-71CA4A2D6932}.Debug|x64.ActiveCfg = Debug|x64
		{C24FB293-1B1F-4517-98DD-71CA4A2D6932}.Debug|x64.Build.0 = Debug|x64
		{C24FB293-1B1F-4517-98DD-71CA4A2D6932}.Debug|x86.ActiveCfg = Debug|Win32
		{C24FB293-1B1F-4517-98DD-71CA4A2D6932}.Debug|x86.Build.0 = Debug|Win32
		{C24FB293-1B1F-4517-98DD-71CA4A2D6932}.Release|x64.ActiveCfg = Release|x64
		{C24FB293-1B1F-4517-98DD-71CA4A2D6932}.Release|x64.Build.0 = Release|x64
		{C24FB293-1B1F-4517-98DD-71CA4A2D6932}.Release|x86.ActiveCfg = Release|Win32
		{C24FB293-1B1F-4517-98DD-71CA4A2D6932}.Release|x86.Build.0 = Release|Win32
		{205F432D-F7FE-45E6-B721-0945731AE2D4}.Debug|x64.ActiveCfg = Debug|x64
		{205F432D-F7FE-45E6-B721-0945731AE2D4}.Debug|x64.Build.0 = Debug|x64
		{205F432D-F7FE-45E6-B721-0945731AE2D4}.Debug|x86.ActiveCfg = Debug|Win32
		{205F432D-F7FE-45E6-B721-0945731AE2D4}.Debug|x86.Build.0 = Debug|Win32
		{205F432D-F7FE-45E6-B721-0945731AE2D4}.Release|x64.ActiveCfg = Release|x64
		{205F432D-F7FE-45E6-B721-0945731AE2D4}.Release|x64.Build.0 = Release|x64
		{205F432D-F7FE-45E6-B721-0945731AE2D4}.Release|x86.ActiveCfg = Release|Win32
		{205F432D-F7FE-45E6-B721-0945731AE2D4}.Release|x86.Build.0 = Release|Win32
		{91AC40B3-B948-42D6-8DC3-80CF0F8358EF}.Debug|x64.ActiveCfg = Debug|x64
		{91AC40B3-B948-42D6-8DC3-80CF0F8358EF}.Debug|x64.Build.0 = Debug|x64
		{91AC40B3-B948-42D6-8DC3-80CF0F8358EF}.Debug|x86.ActiveCfg = Debug|Win32
		{91AC40B3-B948-42D6-8DC3-80CF0F8358EF}.Debug|x86.Build.0 = Debug|Win32
		{91AC40B3-B948-42D6-8DC3-80CF0F8358EF}.Release|x64.ActiveCfg = Release|x64
		{91AC40B3-B948-42D6-8DC3-80CF0F8358EF}.Release|x64.Build.0 = Release|x64
		{91AC40B3-B948-42D6-8DC3-80CF0F8358EF}.Release|x86.ActiveCfg = Release|Win32
		{91AC40B3-B948-42D6-8DC3-80CF0F8358EF}.Release|x86.Build.0 = Release|Win32
		{57F20B4C-6281-4913-B3B5-E62D5DC1D77A}.Debug|x64.ActiveCfg = Debug|x64
		{57F20B4C-6281-4913-B3B5-E62D5DC1D77A}.Debug|x64.Build.0 = Debug|x64
		{57F20B4C-6281-4913-B3B5-E62D5DC1D77A}.Debug|x86.ActiveCfg = Debug|Win32
		{57F20B4C-6281-4913-B3B5-E62D5DC1D77A}.Debug|x86.Build.0 = Debug|Win32
		{57F20B4C-6281-4913-B3B5-E62D5DC1D77A}.Release|x64.ActiveCfg = Release|x64
		{57F20B4C-6281-4913-B3B5-E62D5DC1D77A}.Release|x64.Build.0 = Release|x64
		{57F20B4C-6281-4913-B3B5-E62D5DC1D77A}.Release|x86.ActiveCfg = Release|Win32
		{57F20B4C-6281-4913-B3B5-E62D5DC1D77A}.Release|x86.Build.0 = Release|Win32
		{13C89A27-D4C7-4D0F-8130-1E8CDF193E13}.Debug|x64.ActiveCfg = Debug|x64
		{13C89A27-D4C7-4D0F-8130-1E8CDF193E13}.Debug|x64.Build.0 = Debug|x64
		{13C89A27-D4C7-4D0F-8130-1E8CDF193E13}.Debug|x86.ActiveCfg = Debug|Win32
		{13C89A27-D4C7-4D0F-8130-1E8CDF193E13}.Debug|x86.Build.0 = Debug|Win32
		{13C89A27-D4C7-4D0F-8130-1E8CDF193E13}.Release|x64.ActiveCfg = Release|x64
		{13C89A27-D4C7-4D0F-8130-1E8CDF193E13}.Release|x64.Build.0 = Release|x64
		{13C89A27-D4C7-4D0F-8130-1E8CDF193E13}.Release|x86.ActiveCfg = Release|Win32
		{13C89A27-D4C7-4D0F-8130-1E8CDF193E13}.Release|x86.Build.0 = Release|Win32
		{9F9061E9-8572-4328-A5A7-5BCEA68D5E0A}.Debug|x64.ActiveCfg = Debug|x64
		{9F9061E9-8572-4328-A5A7-5BCEA68D5E0A}.Debug|x64.Build.0 = Debug|x64
		{9F9061E9-8572-4328-A5A7-5BCEA68D5E0A}.Debug|x86.ActiveCfg = Debug|Win32
		{9F9061E9-8572-4328-A5A7-5BCEA68D5E0A}.Debug|x86.Build.0 = Debug|Win32
		{9F9061E9-8572-4328-A5A7-5BCEA68D5E0A}.Release|x64.ActiveCfg = Release|x64
		{9F9061E9-8572-4328-A5A7-5BCEA68D5E0A}.Release|x64.Build.0 = Release|x64
		{9F9061E9-8572-4328-A5A7-5BCEA68D5E0A}.Release|x86.ActiveCfg = Release|Win32
		{9F9061E9-8572-4328-A5A7-5BCEA68D5E0A}.Release|x86.Build.0 = Release|Win32
		{B99DEB50-8F36-4684-BFF5-8CFB5A6FD69E}.Debug|x64.ActiveCfg = Debug|x64
		{B99DEB50-8F36-4684-BFF5-8CFB5A6FD69E}.Debug|x64.Build.0 = Debug|x64
		{B99DEB50-8F36-4684-BFF5-8CFB5A6FD69E}.Debug|x86.ActiveCfg = Debug|Win32
		{B99DEB50-8F36-4684-BFF5-8CFB5A6FD69E}.Debug|x86.Build.0 = Debug|Win32
		{B99DEB50-8F36-4684-BFF5-8CFB5A6FD69E}.Release|x64.ActiveCfg = Release|x64
		{B99DEB50-8F36-4684-BFF5-8CFB5A6FD69E}.Release|x64.Build.0 = Release|x64
		{B99DEB50-8F36-4684-BFF5-8CFB5A6FD69E}.Release|x86.ActiveCfg = Release|Win32
		{B99DEB50-8F36-4684-BFF5-8CFB5A6FD69E}.Release|x86.Build.0 = Release|Win32
		{80075120-ADC3-45E0-A371-737ABFC46B41}.Debug|x64.ActiveCfg = Debug|x64
		{80075120-ADC3-45E0-A371-737ABFC46B41}.Debug|x64.Build.0 = Debug|x64
		{80075120-ADC3-45E0-A371-737ABFC46B41}.Debug|x86.ActiveCfg = Debug|Win32
		{80075120-ADC3-45E0-A371-737ABFC46B41}.Debug|x86.Build.0 = Debug|Win32
		{80075120-ADC3-45E0-A371-737ABFC46B41}.Release|x64.ActiveCfg = Release|x64
		{80075120-ADC3-45E0-A371-737ABFC46B41}.Release|x64.Build.0 = Release|x64
		{80075120-ADC3-45E0-A371-737ABFC46B41}.Release|x86.ActiveCfg = Release|Win32
		{80075120-ADC3-45E0-A371-737ABFC46B41}.Release|x86.Build.0 = Release|Win32
		{B6C9EF27-F798-48B1-862B-855435064AD6}.Debug|x64.ActiveCfg = Debug|x64
		{B6C9EF27-F798-48B1-862B-855435064AD6}.Debug|x64.Build.0 = Debug|x64
		{B6C9EF27-F798-48B1-862B-855435064AD6}.Debug|x86.ActiveCfg = Debug|Win32
		{B6C9EF27-F798-48B1-862B-855435064AD6}.Debug|x86.Build.0 = Debug|Win32
		{B6C9EF27-F798-48B1-862B-855435064AD6}.Release|x64.ActiveCfg = Release|x64
		{B6C9EF27-F798-48B1-862B-855435064AD6}.Release|x64.Build.0 = Release|x64
		{B6C9EF27-F798-48B1-862B-855435064AD6}.Release|x86.ActiveCfg = Release|Win32
		{B6C9EF27-F798-48B1-862B-855435064AD6}.Release|x86.Build.0 = Release|Win32
		{061D5DFD-5E12-4EFE-BB39-C138172DF30F}.Debug|x64.ActiveCfg = Debug|x64
		{061D5DFD-5E12-4EFE-BB39-C138172DF30F}.Debug|x64.Build.0 = Debug|x64
		{061D5DFD-5E12-4EFE-BB39-C138172DF30F}.Debug|x86.ActiveCfg = Debug|Win32
		{061D5DFD-5E12-4EFE-BB39-C138172DF30F}.Debug|x86.Build.0 = Debug|Win32
		{061D5DFD-5E12-4EFE-BB39-C138172DF30F}.Release|x64.ActiveCfg = Release|x64
		{061D5DFD-5E12-4EFE-BB39-C138172DF30F}.Release|x64.Build.0 = Release|x64
		{061D5DFD-5E12-4EFE-BB39-C138172DF30F}.Release|x86.ActiveCfg = Release|Win32
		{061D5DFD-5E12-4EFE-BB39-C138172DF30F}.Release|x86.Build.0 = Release|Win32
		{60010147-1C1A-498B-8F67-1F7836847DA4}.Debug|x64.ActiveCfg = Debug|x64
		{60010147-1C1A-498B-8F67-1F7836847DA4}.Debug|x64.Build.0 = Debug|x64
		{60010147-1C1A-498B-8F67-1F7836847DA4}.Debug|x86.ActiveCfg = Debug|Win32
		{60010147-1C1A-498B-8F67-1F7836847DA4}.Debug|x86.Build.0 = Debug|Win32
		{60010147-1C1A-498B-8F67-1F7836847DA4}.Release|x64.ActiveCfg = Release|x64
		{60010147-1C1A-498B-8F67-1F7836847DA4}.Release|x64.Build.0 = Release|x64
		{60010147-1C1A-498B-8F67-1F7836847DA4}.Release|x86.ActiveCfg = Release|Win32
		{60010147-1C1A-498B-8F67-1F7836847DA4}.Release|x86.Build.0 = Release|Win32
		{FA7B1CBB-AFD8-48CD-98A7-BC87A673C78C}.Debug|x64.ActiveCfg = Debug|x64
		{FA7B1CBB-AFD8-48CD-98A7-BC87A673C78C}.Debug|x64.Build.0 = Debug|x64
		{FA7B1CBB-AFD8-48CD-98A7-BC87A673C78C}.Debug|x86.ActiveCfg = Debug|Win32
		{FA7B1CBB-AFD8-48CD-98A7-BC87A673C78C}.Debug|x86.Build.0 = Debug|Win32
		{FA7B1CBB-AFD8-48CD-98A7-BC87A673C78C}.Release|x64.ActiveCfg = Release|x64
		{FA7B1CBB-AFD8-48CD-98A7-BC87A673C78C}.Release|x64.Build.0 = Release|x64
		{FA7B1CBB-AFD8-48CD-98A7-BC87A673C78C}.Release|x86.ActiveCfg = Release|Win32
		{FA7B1CBB-AFD8-48CD-98A7-BC87A673C78C}.Release|x86.Build.0 = Release|Win32
		{72C82FD6-8FED-47F2-AF84-EFA4E30D2316}.Debug|x64.ActiveCfg = Debug|x64
		{72C82FD6-8FED-47F2-AF84-EFA4E30D2316}.Debug|x64.Build.0 = Debug|x64
		{72C82FD6-8FED-47F2-AF84-EFA4E30D2316}.Debug|x86.ActiveCfg = Debug|Win32
		{72C82FD6-8FED-47F2-AF84-EFA4E30D2316}.Debug|x86.Build.0 = Debug|Win32
		{72C82FD6-8FED-47F2-AF84-EFA4E30D2316}.Release|x64.ActiveCfg = Release|x64
		{72C82FD6-8FED-47F2-AF84-EFA4E30D2316}.Release|x64.Build.0 = Release|x64
		{72C82FD6-8FED-47F2-AF84-EFA4E30D2316}.Release|x86.ActiveCfg = Release|Win32
		{72C82FD6-8FED-47F2-AF84-EFA4E30D2316}.Release|x86.Build.0 = Release|Win32
		{10797109-9DA3-4481-A6F7-2A05CBE2A4B1}.Debug|x64.ActiveCfg = Debug|x64
		{10797109-9DA3-4481-A6F7-2A05CBE2A4B1}.Debug|x64.Build.0 = Debug|x64
		{10797109-9DA3-4481-A6F7-2A05CBE2A4B1}.Debug|x86.ActiveCfg = Debug|Win32
		{10797109-9DA3-4481-A6F7-2A05CBE2A4B1}.Debug|x86.Build.0 = Debug|Win32
		{10797109-9DA3-4481-A6F7-2A05CBE2A4B1}.Release|x64.ActiveCfg = Release|x64
		{10797109-9DA3-4481-A6F7-2A05CBE2A4B1}.Release|x64.Build.0 = Release|x64
		{10797109-9DA3-4481-A6F7-2A05CBE2A4B1}.Release|x86.ActiveCfg = Release|Win32
		{10797109-9DA3-4481-A6F7-2A05CBE2A4B1}.Release|x86.Build.0 = Release|Win32
		{868362B6-26CE-4EE7-9230-A991D3FCAB31}.Debug|x64.ActiveCfg = Debug|x64
		{868362B6-26CE-4EE7-9230-A991D3FCAB31}.Debug|x64.Build.0 = Debug|x64
		{868362B6-26CE-4EE7-9230-A991D3FCAB31}.Debug|x86.ActiveCfg = Debug|Win32
		{868362B6-26CE-4EE7-9230-A991D3FCAB31}.Debug|x86.Build.0 = Debug|Win32
		{868362B6-26CE-4EE7-9230-A991D3FCAB31}.Release|x64.ActiveCfg = Release|x64
		{868362B6-26CE-4EE7-9230-A991D3FCAB31}.Release|x64.Build.0 = Release|x64
		{868362B6-26CE-4EE7-9230-A991D3FCAB31}.Release|x86.ActiveCfg = Release|Win32
		{868362B6-26CE-4EE7-9230-A991D3FCAB31}.Release|x86.Build.0 = Release|Win32
		{18CB2E5F-D813-4B07-8A1E-A9ED13BC6FE6}.Debug|x64.ActiveCfg = Debug|x64
		{18CB2E5F-D813-4B07-8A1E-A9ED13BC6FE6}.Debug|x64.Build.0 = Debug|x64
		{18CB2E5F-D813-4B07-8A1E-A9ED13BC6FE6}.Debug|x86.ActiveCfg = Debug|Win32
		{18CB2E5F-D813-4B07-8A1E-A9ED13BC6FE6}.Debug|x86.Build.0 = Debug|Win32
		{18CB2E5F-D813-4B07-8A1E-A9ED13BC6FE6}.Release|x64.ActiveCfg = Release|x64
		{18CB2E5F-D813-4B07-8A1E-A9ED13BC6FE6}.Release|x64.Build.0 = Release|x64
		{18CB2E5F-D813-4B07-8A1E-A9ED13BC6FE6}.Release|x86.ActiveCfg = Release|Win32
		{18CB2E5F-D813-4B07-8A1E-A9ED13BC6FE6}.Release|x86.Build.0 = Release|Win32
		{B62A3508-DA96-4F73-B129-5D018F79A3DD}.Debug|x64.ActiveCfg = Debug|x64
		{B62A3508-DA96-4F73-B129-5D018F79A3DD}.Debug|x64.Build.0 = Debug|x64
		{B62A3508-DA96-4F73-B129-5D018F79A3DD}.Debug|x86.ActiveCfg = Debug|Win32
		{B62A3508-DA96-4F73-B129-5D018F79A3DD}.Debug|x86.Build.0 = Debug|Win32
		{B62A3508-DA96-4F73-B129-5D018F79A3DD}.Release|x64.ActiveCfg = Release|x64
		{B62A3508-DA96-4F73-B129-5D018F79A3DD}.Release|x64.Build.0 = Release|x64
		{B62A3508-DA96-4F73-B129-5D018F79A3DD}.Release|x86.ActiveCfg = Release|Win32
		{B62A3508-DA96-4F73-B129-5D018F79A3DD}.Release|x86.Build.0 = Release|Win32
		{B52E098A-EA61-4B65-879C-1FEB77BA921A}.Debug|x64.ActiveCfg = Debug|x64
		{B52E098A-EA61-4B65-879C-1FEB77BA921A}.Debug|x64.Build.0 = Debug|x64
		{B52E098A-EA61-4B65-879C-1FEB77BA921A}.Debug|x86.ActiveCfg = Debug|Win32
		{B52E098A-EA61-4B65-879C-1FEB77BA921A}.Debug|x86.Build.0 = Debug|Win32
		{B52E098A-EA61-4B65-879C-1FEB77BA921A}.Release|x64.ActiveCfg = Release|x64
		{B52E098A-EA61-4B65-879C-1FEB77BA921A}.Release|x64.Build.0 = Release|x64
		{B52E098A-EA61-4B65-879C-1FEB77BA921A}.Release|x86.ActiveCfg = Release|Win32
		{B52E098A-EA61-4B65-879C-1FEB77BA921A}.Release|x86.Build.0 = Release|Win32
		{19D3F4EE-F44C-47D0-86A3-DF9D74A4A0D3}.Debug|x64.ActiveCfg = Debug|x64
		{19D3F4EE-F44C-47D0-86A3-DF9D74A4A0D3}.Debug|x64.Build.0 = Debug|x64
		{19D3F4EE-F44C-47D0-86A3-DF9D74A4A0D3}.Debug|x86.ActiveCfg = Debug|Win32
		{19D3F4EE-F44C-47D0-86A3-DF9D74A4A0D3}.Debug|x86.Build.0 = Debug|Win32
		{19D3F4EE-F44C-47D0-86A3-DF9D74A4A0D3}.Release|x64.ActiveCfg = Release|x64
		{19D3F4EE-F44C-47D0-86A3-DF9D74A4A0D3}.Release|x64.Build.0 = Release|x64
		{19D3F4EE-F44C-47D0-86A3-DF9D74A4A0D3}.Release|x86.ActiveCfg = Release|Win32
		{19D3F4EE-F44C-47D0-86A3-DF9D74A4A0D3}.Release|x86.Build.0 = Release|Win32
		{01379F98-79C7-4352-A3BF-EC0F433AC5D8}.Debug|x64.ActiveCfg = Debug|x64
		{01379F98-79C7-4352-A3BF-EC0F433AC5D8}.Debug|x64.Build.0 = Debug|x64
		{01379F98-79C7-4352-A3BF-EC0F433AC5D8}.Debug|x86.ActiveCfg = Debug|Win32
		{01379F98-79C7-4352-A3BF-EC0F433AC5D8}.Debug|x86.Build.0 = Debug|Win32
		{01379F98-79C7-4352-A3BF-EC0F433AC5D8}.Release|x64.ActiveCfg = Release|x64
		{01379F98-79C7-4352-A3BF-EC0F433AC5D8}.Release|x64.Build.0 = Release|x64
		{01379F98-79C7-4352-A3BF-EC0F433AC5D8}.Release|x86.ActiveCfg = Release|Win32
		{01379F98-79C7-4352-A3BF-EC0F433AC5D8}.Release|x86.Build.0 = Release|Win32
		{2DBC2BEF-898A-414D-A6C5-9ADB7D35621A}.Debug|x64.ActiveCfg = Debug|x64
		{2DBC2BEF-898A-414D-A6C5-9ADB7D35621A}.Debug|x64.Build.0 = Debug|x64
		{2DBC2BEF-898A-414D-A6C5-9ADB7D35621A}.Debug|x86.ActiveCfg = Debug|Win32
		{2DBC2BEF-898A-414D-A6C5-9ADB7D35621A}.Debug|x86.Build.0 = Debug|Win32
		{2DBC2BEF-898A-414D-A6C5-9ADB7D35621A}.Release|x64.ActiveCfg = Release|x64
		{2DBC2BEF-898A-414D-A6C5-9ADB7D35621A}.Release|x64.Build.0 = Release|x64
		{2DBC2BEF-898A-414D-A6C5-9ADB7D35621A}.Release|x86.ActiveCfg = Release|Win32
		{2DBC2BEF-898A-414D-A6C5-9ADB7D35621A}.Release|x86.Build.0 = Release|Win32
		{838E2569-741A-49E2-B667-823FF3838D70}.Debug|x64.ActiveCfg = Debug|x64
		{838E2569-741A-49E2-B667-823FF3838D70}.Debug|x64.Build.0 = Debug|x64
		{838E2569-741A-49E2-B667-823FF3838D70}.Debug|x86.ActiveCfg = Debug|Win32
		{838E2569-741A-49E2-B667-823FF3838D70}.Debug|x86.Build.0 = Debug|Win32
		{838E2569-741A-49E2-B667-823FF3838D70}.Release|x64.ActiveCfg = Release|x64
		{838E2569-741A-49E2-B667-823FF3838D70}.Release|x64.Build.0 = Release|x64
		{838E2569-741A-49E2-B667-823FF3838D70}.Release|x86.ActiveCfg = Release|Win32
		{838E2569-741A-49E2-B667-823FF3838D70}.Release|x86.Build.0 = Release|Win32
		{E41363C3-CD13-48BE-8FF0-CCADC43B0A32}.Debug|x64.ActiveCfg = Debug|x64
		{E41363C3-CD13-48BE-8FF0-CCADC43B0A32}.Debug|x64.Build.0 = Debug|x64
		{E41363C3-CD13-48BE-8FF0-CCADC43B0A32}.Debug|x86.ActiveCfg = Debug|Win32
		{E41363C3-CD13-48BE-8FF0-CCADC43B0A32}.Debug|x86.Build.0 = Debug|Win32
		{E41363C3-CD13-48BE-8FF0-CCADC43B0A32}.Release|x64.ActiveCfg = Release|x64
		{E41363C3-CD13-48BE-8FF0-CCADC43B0A32}.Release|x64.Build.0 = Release|x64
		{E41363C3-CD13-48BE-8FF0-CCADC43B0A32}.Release|x86.ActiveCfg = Release|Win32
		{E41363C3-CD13-48BE-8FF0-CCADC43B0A32}.Release|x86.Build.0 = Release|Win32
		{38DB38CF-C010-400D-B211-F7FFC7EA498A}.Debug|x64.ActiveCfg = Debug|x64
		{38DB38CF-C010-400D-B211-F7FFC7EA498A}.Debug|x64.Build.0 = Debug|x64
		{38DB38CF-C010-400D-B211-F7FFC7EA498A}.Debug|x86.ActiveCfg = Debug|Win32
		{38DB38CF-C010-400D-B211-F7FFC7EA498A}.Debug|x86.Build.0 = Debug|Win32
		{38DB38CF-C010-400D-B211-F7FFC7EA498A}.Release|x64.ActiveCfg = Release|x64
		{38DB38CF-C010-400D-B211-F7FFC7EA498A}.Release|x64.Build.0 = Release|x64
		{38DB38CF-C010-400D-B211-F7FFC7EA498A}.Release|x86.ActiveCfg = Release|Win32
		{38DB38CF-C010-400D-B211-F7FFC7EA498A}.Release|x86.Build.0 = Release|Win32
		{CCFE811E-98D8-4CEB-AEF8-7A3F16880FB7}.Debug|x64.ActiveCfg = Debug|x64
		{CCFE811E-98D8-4CEB-AEF8-7A3F16880FB7}.Debug|x64.Build.0 = Debug|x64
		{CCFE811E-98D8-4CEB-AEF8-7A3F16880FB7}.Debug|x86.ActiveCfg = Debug|Win32
		{CCFE811E-98D8-4CEB-AEF8-7A3F16880FB7}.Debug|x86.Build.0 = Debug|Win32
		{CCFE811E-98D8-4CEB-AEF8-7A3F16880FB7}.Release|x64.ActiveCfg = Release|x64
		{CCFE811E-98D8-4CEB-AEF8-7A3F16880FB7}.Release|x64.Build.0 = Release|x64
		{CCFE811E-98D8-4CEB-AEF8-7A3F16880FB7}.Release|x86.ActiveCfg = Release|Win32
		{CCFE811E-98D8-4CEB-AEF8-7A3F16880FB7}.Release|x86.Build.0 = Release|Win32
		{9D1FE7F3-E465-4817-8643-5F7EDA9BA9C6}.Debug|x64.ActiveCfg = Debug|x64
		{9D1FE7F3-E465-4817-8643-5F7EDA9BA9C6}.Debug|x64.Build.0 = Debug|x64
		{9D1FE7F3-E465-4817-8643-5F7EDA9BA9C6}.Debug|x86.ActiveCfg = Debug|Win32
		{9D1FE7F3-E465-4817-8643-5F7EDA9BA9C6}.Debug|x86.Build.0 = Debug|Win32
		{9D1FE7F3-E465-4817-8643-5F7EDA9BA9C6}.Release|x64.ActiveCfg = Release|x64
		{9D1FE7F3-E465-4817-8643-5F7EDA9BA9C6}.Release|x64.Build.0 = Release|x64
		{9D1FE7F3-E465-4817-8643-5F7EDA9BA9C6}.Release|x86.ActiveCfg = Release|Win32
		{9D1FE7F3-E465-4817-8643-5F7EDA9BA9C6}.Release|x86.Build.0 = Release|Win32
		{77335031-99A0-47DD-B99E-A53F3B1FE70C}.Debug|x64.ActiveCfg = Debug|x64
		{77335031-99A0-47DD-B99E-A53F3B1FE70C}.Debug|x64.Build.0 = Debug|x64
		{77335031-99A0-47DD-B99E-A53F3B1FE70C}.Debug|x86.ActiveCfg = Debug|Win32
		{77335031-99A0-47DD-B99E-A53F3B1FE70C}.Debug|x86.Build.0 = Debug|Win32
		{77335031-99A0-47DD-B99E-A53F3B1FE70C}.Release|x64.ActiveCfg = Release|x64
		{77335031-99A0-47DD-B99E-A53F3B1FE70C}.Release|x64.Build.0 = Release|x64
		{77335031-99A0-47DD-B99E-A53F3B1FE70C}.Release|x86.ActiveCfg = Release|Win32
		{77335031-99A0-47DD-B99E-A53F3B1FE70C}.Release|x86.Build.0 = Release|Win32
		{406814A5-B279-4ED1-8294-5C85DB4F68D0}.Debug|x64.ActiveCfg = Debug|x64
		{406814A5-B279-4ED1-8294-5C85DB4F68D0}.Debug|x64.Build.0 = Debug|x64
		{406814A5-B279-4ED1-8294-5C85DB4F68D0}.Debug|x86.ActiveCfg = Debug|Win32
		{406814A5-B279-4ED1-8294-5C85DB4F68D0}.Debug|x86.Build.0 = Debug|Win32
		{406814A5-B279-4ED1-8294-5C85DB4F68D0}.Release|x64.ActiveCfg = Release|x64
		{406814A5-B279-4ED1-8294-5C85DB4F68D0}.Release|x64.Build.0 = Release|x64
		{406814A5-B279-4ED1-8294-5C85DB4F68D0}.Release|x86.ActiveCfg = Release|Win32
		{406814A5-B279-4ED1-8294-5C85DB4F68D0}.Release|x86.Build.0 = Release|Win32
		{049CF4D7-0766-4001-90B2-B1FEC748237C}.Debug|x64.ActiveCfg = Debug|x64
		{049CF4D7-0766-4001-90B2-B1FEC748237C}.Debug|x64.Build.0 = Debug|x64
		{049CF4D7-0766-4001-90B2-B1FEC748237C}.Debug|x86.ActiveCfg = Debug|Win32
		{049CF4D7-0766-4001-90B2-B1FEC748237C}.Debug|x86.Build.0 = Debug|Win32
		{049CF4D7-0766-4001-90B2-B1FEC748237C}.Release|x64.ActiveCfg = Release|x64
		{049CF4D7-0766-4001-90B2-B1FEC748237C}.Release|x64.Build.0 = Release|x64
		{049CF4D7-0766-4001-90B2-B1FEC748237C}.Release|x86.ActiveCfg = Release|Win32
		{049CF4D7-0766-4001-90B2-B1FEC748237C}.Release|x86.Build.0 = Release|Win32
		{E9CA9947-A69E-43AF-8791-5FC738BB7936}.Debug|x64.ActiveCfg = Debug|x64
		{E9CA9947-A69E-43AF-8791-5FC738BB7936}.Debug|x64.Build.0 = Debug|x64
		{E9CA9947-A69E-43AF-8791-5FC738BB7936}.Debug|x86.ActiveCfg = Debug|Win32
		{E9CA9947-A69E-43AF-8791-5FC738BB7936}.Debug|x86.Build.0 = Debug|Win32
		{E9CA9947-A69E-43AF-8791-5FC738BB7936}.Release|x64.ActiveCfg = Release|x64
		{E9CA9947-A69E-43AF-8791-5FC738BB7936}.Release|x64.Build.0 = Release|x64
		{E9CA9947-A69E-43AF-8791-5FC738BB7936}.Release|x86.ActiveCfg = Release|Win32
		{E9CA9947-A69E-43AF-8791-5FC738BB7936}.Release|x86.Build.0 = Release|Win32
	EndGlobalSection
	GlobalSection(SolutionProperties) = preSolution
		HideSolutionNode = FALSE
	EndGlobalSection
	GlobalSection(ExtensibilityGlobals) = postSolution
		SolutionGuid = {647E5620-13BE-435A-996F-A8E101B67A57}
	EndGlobalSection
EndGlobal
