
Microsoft Visual Studio Solution File, Format Version 12.00
# Visual Studio Version 17
VisualStudioVersion = 17.4.33213.308
MinimumVisualStudioVersion = 10.0.40219.1
Project("{8BC9CEB8-8B4A-11D0-8D11-00A0C91BC942}") = "04_WhileClasswork", "ClassWork_C++\ClassWork_C++.vcxproj", "{69C5445C-11C7-4332-9BB3-52AFA46A27DB}"
EndProject
Project("{8BC9CEB8-8B4A-11D0-8D11-00A0C91BC942}") = "05_for", "05_for\05_for.vcxproj", "{1B0A94C5-0322-4927-9895-3A732AE9B4EA}"
EndProject
Project("{8BC9CEB8-8B4A-11D0-8D11-00A0C91BC942}") = "07_ArreysClasswork", "07_ArreysClasswork\07_ArreysClasswork.vcxproj", "{C24FB293-1B1F-4517-98DD-71CA4A2D6932}"
EndProject
Project("{8BC9CEB8-8B4A-11D0-8D11-00A0C91BC942}") = "08_RandomMatrixClasswork", "08_RandomMatrixClasswork\08_RandomMatrixClasswork.vcxproj", "{205F432D-F7FE-45E6-B721-0945731AE2D4}"
EndProject
Project("{8BC9CEB8-8B4A-11D0-8D11-00A0C91BC942}") = "09_FunctionsClasswork", "09_FunctionsClasswork\09_FunctionsClasswork.vcxproj", "{91AC40B3-B948-42D6-8DC3-80CF0F8358EF}"
EndProject
Project("{8BC9CEB8-8B4A-11D0-8D11-00A0C91BC942}") = "10_OverloadFunctionTemplateClasswork", "10_OverloadFunctionTemplateClasswork\10_OverloadFunctionTemplateClasswork.vcxproj", "{57F20B4C-6281-4913-B3B5-E62D5DC1D77A}"
EndProject
Project("{8BC9CEB8-8B4A-11D0-8D11-00A0C91BC942}") = "13_PointerInFunctionClasswork", "13_PointerInFunctionClasswork\13_PointerInFunctionClasswork.vcxproj", "{13C89A27-D4C7-4D0F-8130-1E8CDF193E13}"
EndProject
Project("{8BC9CEB8-8B4A-11D0-8D11-00A0C91BC942}") = "15_CStyleLinesClasswork", "15_CStyleLinesClasswork\15_CStyleLinesClasswork.vcxproj", "{9F9061E9-8572-4328-A5A7-5BCEA68D5E0A}"
EndProject
Project("{8BC9CEB8-8B4A-11D0-8D11-00A0C91BC942}") = "04_WhileHomework", "04_WhileHomework\04_WhileHomework.vcxproj", "{B99DEB50-8F36-4684-BFF5-8CFB5A6FD69E}"
EndProject
Project("{8BC9CEB8-8B4A-11D0-8D11-00A0C91BC942}") = "05_forhomework", "05_forhomework\05_forhomework.vcxproj", "{80075120-ADC3-45E0-A371-737ABFC46B41}"
EndProject
Project("{8BC9CEB8-8B4A-11D0-8D11-00A0C91BC942}") = "06_IcnludeCyclesHomework", "06_IcnludeCyclesHomework\06_IcnludeCyclesHomework.vcxproj", "{B6C9EF27-F798-48B1-862B-855435064AD6}"
EndProject
Project("{8BC9CEB8-8B4A-11D0-8D11-00A0C91BC942}") = "17_rowsClasswork", "17_rowsClasswork\17_rowsClasswork.vcxproj", "{10797109-9DA3-4481-A6F7-2A05CBE2A4B1}"
EndProject
Global
	GlobalSection(SolutionConfigurationPlatforms) = preSolution
		Debug|x64 = Debug|x64
		Debug|x86 = Debug|x86
		Release|x64 = Release|x64
		Release|x86 = Release|x86
	EndGlobalSection
	GlobalSection(ProjectConfigurationPlatforms) = postSolution
		{69C5445C-11C7-4332-9BB3-52AFA46A27DB}.Debug|x64.ActiveCfg = Debug|x64
		{69C5445C-11C7-4332-9BB3-52AFA46A27DB}.Debug|x64.Build.0 = Debug|x64
		{69C5445C-11C7-4332-9BB3-52AFA46A27DB}.Debug|x86.ActiveCfg = Debug|Win32
		{69C5445C-11C7-4332-9BB3-52AFA46A27DB}.Debug|x86.Build.0 = Debug|Win32
		{69C5445C-11C7-4332-9BB3-52AFA46A27DB}.Release|x64.ActiveCfg = Release|x64
		{69C5445C-11C7-4332-9BB3-52AFA46A27DB}.Release|x64.Build.0 = Release|x64
		{69C5445C-11C7-4332-9BB3-52AFA46A27DB}.Release|x86.ActiveCfg = Release|Win32
		{69C5445C-11C7-4332-9BB3-52AFA46A27DB}.Release|x86.Build.0 = Release|Win32
		{1B0A94C5-0322-4927-9895-3A732AE9B4EA}.Debug|x64.ActiveCfg = Debug|x64
		{1B0A94C5-0322-4927-9895-3A732AE9B4EA}.Debug|x64.Build.0 = Debug|x64
		{1B0A94C5-0322-4927-9895-3A732AE9B4EA}.Debug|x86.ActiveCfg = Debug|Win32
		{1B0A94C5-0322-4927-9895-3A732AE9B4EA}.Debug|x86.Build.0 = Debug|Win32
		{1B0A94C5-0322-4927-9895-3A732AE9B4EA}.Release|x64.ActiveCfg = Release|x64
		{1B0A94C5-0322-4927-9895-3A732AE9B4EA}.Release|x64.Build.0 = Release|x64
		{1B0A94C5-0322-4927-9895-3A732AE9B4EA}.Release|x86.ActiveCfg = Release|Win32
		{1B0A94C5-0322-4927-9895-3A732AE9B4EA}.Release|x86.Build.0 = Release|Win32
		{C24FB293-1B1F-4517-98DD-71CA4A2D6932}.Debug|x64.ActiveCfg = Debug|x64
		{C24FB293-1B1F-4517-98DD-71CA4A2D6932}.Debug|x64.Build.0 = Debug|x64
		{C24FB293-1B1F-4517-98DD-71CA4A2D6932}.Debug|x86.ActiveCfg = Debug|Win32
		{C24FB293-1B1F-4517-98DD-71CA4A2D6932}.Debug|x86.Build.0 = Debug|Win32
		{C24FB293-1B1F-4517-98DD-71CA4A2D6932}.Release|x64.ActiveCfg = Release|x64
		{C24FB293-1B1F-4517-98DD-71CA4A2D6932}.Release|x64.Build.0 = Release|x64
		{C24FB293-1B1F-4517-98DD-71CA4A2D6932}.Release|x86.ActiveCfg = Release|Win32
		{C24FB293-1B1F-4517-98DD-71CA4A2D6932}.Release|x86.Build.0 = Release|Win32
		{205F432D-F7FE-45E6-B721-0945731AE2D4}.Debug|x64.ActiveCfg = Debug|x64
		{205F432D-F7FE-45E6-B721-0945731AE2D4}.Debug|x64.Build.0 = Debug|x64
		{205F432D-F7FE-45E6-B721-0945731AE2D4}.Debug|x86.ActiveCfg = Debug|Win32
		{205F432D-F7FE-45E6-B721-0945731AE2D4}.Debug|x86.Build.0 = Debug|Win32
		{205F432D-F7FE-45E6-B721-0945731AE2D4}.Release|x64.ActiveCfg = Release|x64
		{205F432D-F7FE-45E6-B721-0945731AE2D4}.Release|x64.Build.0 = Release|x64
		{205F432D-F7FE-45E6-B721-0945731AE2D4}.Release|x86.ActiveCfg = Release|Win32
		{205F432D-F7FE-45E6-B721-0945731AE2D4}.Release|x86.Build.0 = Release|Win32
		{91AC40B3-B948-42D6-8DC3-80CF0F8358EF}.Debug|x64.ActiveCfg = Debug|x64
		{91AC40B3-B948-42D6-8DC3-80CF0F8358EF}.Debug|x64.Build.0 = Debug|x64
		{91AC40B3-B948-42D6-8DC3-80CF0F8358EF}.Debug|x86.ActiveCfg = Debug|Win32
		{91AC40B3-B948-42D6-8DC3-80CF0F8358EF}.Debug|x86.Build.0 = Debug|Win32
		{91AC40B3-B948-42D6-8DC3-80CF0F8358EF}.Release|x64.ActiveCfg = Release|x64
		{91AC40B3-B948-42D6-8DC3-80CF0F8358EF}.Release|x64.Build.0 = Release|x64
		{91AC40B3-B948-42D6-8DC3-80CF0F8358EF}.Release|x86.ActiveCfg = Release|Win32
		{91AC40B3-B948-42D6-8DC3-80CF0F8358EF}.Release|x86.Build.0 = Release|Win32
		{57F20B4C-6281-4913-B3B5-E62D5DC1D77A}.Debug|x64.ActiveCfg = Debug|x64
		{57F20B4C-6281-4913-B3B5-E62D5DC1D77A}.Debug|x64.Build.0 = Debug|x64
		{57F20B4C-6281-4913-B3B5-E62D5DC1D77A}.Debug|x86.ActiveCfg = Debug|Win32
		{57F20B4C-6281-4913-B3B5-E62D5DC1D77A}.Debug|x86.Build.0 = Debug|Win32
		{57F20B4C-6281-4913-B3B5-E62D5DC1D77A}.Release|x64.ActiveCfg = Release|x64
		{57F20B4C-6281-4913-B3B5-E62D5DC1D77A}.Release|x64.Build.0 = Release|x64
		{57F20B4C-6281-4913-B3B5-E62D5DC1D77A}.Release|x86.ActiveCfg = Release|Win32
		{57F20B4C-6281-4913-B3B5-E62D5DC1D77A}.Release|x86.Build.0 = Release|Win32
		{13C89A27-D4C7-4D0F-8130-1E8CDF193E13}.Debug|x64.ActiveCfg = Debug|x64
		{13C89A27-D4C7-4D0F-8130-1E8CDF193E13}.Debug|x64.Build.0 = Debug|x64
		{13C89A27-D4C7-4D0F-8130-1E8CDF193E13}.Debug|x86.ActiveCfg = Debug|Win32
		{13C89A27-D4C7-4D0F-8130-1E8CDF193E13}.Debug|x86.Build.0 = Debug|Win32
		{13C89A27-D4C7-4D0F-8130-1E8CDF193E13}.Release|x64.ActiveCfg = Release|x64
		{13C89A27-D4C7-4D0F-8130-1E8CDF193E13}.Release|x64.Build.0 = Release|x64
		{13C89A27-D4C7-4D0F-8130-1E8CDF193E13}.Release|x86.ActiveCfg = Release|Win32
		{13C89A27-D4C7-4D0F-8130-1E8CDF193E13}.Release|x86.Build.0 = Release|Win32
		{9F9061E9-8572-4328-A5A7-5BCEA68D5E0A}.Debug|x64.ActiveCfg = Debug|x64
		{9F9061E9-8572-4328-A5A7-5BCEA68D5E0A}.Debug|x64.Build.0 = Debug|x64
		{9F9061E9-8572-4328-A5A7-5BCEA68D5E0A}.Debug|x86.ActiveCfg = Debug|Win32
		{9F9061E9-8572-4328-A5A7-5BCEA68D5E0A}.Debug|x86.Build.0 = Debug|Win32
		{9F9061E9-8572-4328-A5A7-5BCEA68D5E0A}.Release|x64.ActiveCfg = Release|x64
		{9F9061E9-8572-4328-A5A7-5BCEA68D5E0A}.Release|x64.Build.0 = Release|x64
		{9F9061E9-8572-4328-A5A7-5BCEA68D5E0A}.Release|x86.ActiveCfg = Release|Win32
		{9F9061E9-8572-4328-A5A7-5BCEA68D5E0A}.Release|x86.Build.0 = Release|Win32
		{B99DEB50-8F36-4684-BFF5-8CFB5A6FD69E}.Debug|x64.ActiveCfg = Debug|x64
		{B99DEB50-8F36-4684-BFF5-8CFB5A6FD69E}.Debug|x64.Build.0 = Debug|x64
		{B99DEB50-8F36-4684-BFF5-8CFB5A6FD69E}.Debug|x86.ActiveCfg = Debug|Win32
		{B99DEB50-8F36-4684-BFF5-8CFB5A6FD69E}.Debug|x86.Build.0 = Debug|Win32
		{B99DEB50-8F36-4684-BFF5-8CFB5A6FD69E}.Release|x64.ActiveCfg = Release|x64
		{B99DEB50-8F36-4684-BFF5-8CFB5A6FD69E}.Release|x64.Build.0 = Release|x64
		{B99DEB50-8F36-4684-BFF5-8CFB5A6FD69E}.Release|x86.ActiveCfg = Release|Win32
		{B99DEB50-8F36-4684-BFF5-8CFB5A6FD69E}.Release|x86.Build.0 = Release|Win32
		{80075120-ADC3-45E0-A371-737ABFC46B41}.Debug|x64.ActiveCfg = Debug|x64
		{80075120-ADC3-45E0-A371-737ABFC46B41}.Debug|x64.Build.0 = Debug|x64
		{80075120-ADC3-45E0-A371-737ABFC46B41}.Debug|x86.ActiveCfg = Debug|Win32
		{80075120-ADC3-45E0-A371-737ABFC46B41}.Debug|x86.Build.0 = Debug|Win32
		{80075120-ADC3-45E0-A371-737ABFC46B41}.Release|x64.ActiveCfg = Release|x64
		{80075120-ADC3-45E0-A371-737ABFC46B41}.Release|x64.Build.0 = Release|x64
		{80075120-ADC3-45E0-A371-737ABFC46B41}.Release|x86.ActiveCfg = Release|Win32
		{80075120-ADC3-45E0-A371-737ABFC46B41}.Release|x86.Build.0 = Release|Win32
		{B6C9EF27-F798-48B1-862B-855435064AD6}.Debug|x64.ActiveCfg = Debug|x64
		{B6C9EF27-F798-48B1-862B-855435064AD6}.Debug|x64.Build.0 = Debug|x64
		{B6C9EF27-F798-48B1-862B-855435064AD6}.Debug|x86.ActiveCfg = Debug|Win32
		{B6C9EF27-F798-48B1-862B-855435064AD6}.Debug|x86.Build.0 = Debug|Win32
		{B6C9EF27-F798-48B1-862B-855435064AD6}.Release|x64.ActiveCfg = Release|x64
		{B6C9EF27-F798-48B1-862B-855435064AD6}.Release|x64.Build.0 = Release|x64
		{B6C9EF27-F798-48B1-862B-855435064AD6}.Release|x86.ActiveCfg = Release|Win32
		{B6C9EF27-F798-48B1-862B-855435064AD6}.Release|x86.Build.0 = Release|Win32
		{10797109-9DA3-4481-A6F7-2A05CBE2A4B1}.Debug|x64.ActiveCfg = Debug|x64
		{10797109-9DA3-4481-A6F7-2A05CBE2A4B1}.Debug|x64.Build.0 = Debug|x64
		{10797109-9DA3-4481-A6F7-2A05CBE2A4B1}.Debug|x86.ActiveCfg = Debug|Win32
		{10797109-9DA3-4481-A6F7-2A05CBE2A4B1}.Debug|x86.Build.0 = Debug|Win32
		{10797109-9DA3-4481-A6F7-2A05CBE2A4B1}.Release|x64.ActiveCfg = Release|x64
		{10797109-9DA3-4481-A6F7-2A05CBE2A4B1}.Release|x64.Build.0 = Release|x64
		{10797109-9DA3-4481-A6F7-2A05CBE2A4B1}.Release|x86.ActiveCfg = Release|Win32
		{10797109-9DA3-4481-A6F7-2A05CBE2A4B1}.Release|x86.Build.0 = Release|Win32
	EndGlobalSection
	GlobalSection(SolutionProperties) = preSolution
		HideSolutionNode = FALSE
	EndGlobalSection
	GlobalSection(ExtensibilityGlobals) = postSolution
		SolutionGuid = {647E5620-13BE-435A-996F-A8E101B67A57}
	EndGlobalSection
EndGlobal
